{
  "name": "SamTest",
  "version": "1.0.0",
  "lockfileVersion": 1,
  "requires": true,
  "dependencies": {
    "@babel/runtime": {
      "version": "7.12.5",
      "resolved": "http://mirrors.cloud.tencent.com/npm/@babel%2fruntime/-/runtime-7.12.5.tgz",
      "integrity": "sha512-plcc+hbExy3McchJCEQG3knOsuh3HH+Prx1P6cLIkET/0dLuQDEnrT+s27Axgc9bqfsmNUNHfscgMUdBpC9xfg==",
      "requires": {
        "regenerator-runtime": "^0.13.4"
      },
      "dependencies": {
        "regenerator-runtime": {
          "version": "0.13.7",
          "resolved": "http://mirrors.cloud.tencent.com/npm/regenerator-runtime/-/regenerator-runtime-0.13.7.tgz",
          "integrity": "sha512-a54FxoJDIr27pgf7IgeQGxmqUNYrcV338lf/6gH456HZ/PhX+5BcwHXG9ajESmwe6WRO0tAzRUrRmNONWgkrew=="
        }
      }
    },
    "@babel/runtime-corejs2": {
      "version": "7.12.5",
      "resolved": "http://mirrors.cloud.tencent.com/npm/@babel%2fruntime-corejs2/-/runtime-corejs2-7.12.5.tgz",
      "integrity": "sha512-kt5YpZ7F5A05LOgQuaMXXmcxakK/qttf5C/E1BJPA3Kf5PanbjPzDoXN+PIslUnjUxpuKblCsXyP0QfMiqyKqA==",
      "requires": {
        "core-js": "^2.6.5",
        "regenerator-runtime": "^0.13.4"
      },
      "dependencies": {
        "regenerator-runtime": {
          "version": "0.13.7",
          "resolved": "http://mirrors.cloud.tencent.com/npm/regenerator-runtime/-/regenerator-runtime-0.13.7.tgz",
          "integrity": "sha512-a54FxoJDIr27pgf7IgeQGxmqUNYrcV338lf/6gH456HZ/PhX+5BcwHXG9ajESmwe6WRO0tAzRUrRmNONWgkrew=="
        }
      }
    },
    "@leancloud/adapter-types": {
      "version": "3.0.0",
      "resolved": "http://mirrors.cloud.tencent.com/npm/@leancloud%2fadapter-types/-/adapter-types-3.0.0.tgz",
      "integrity": "sha512-/1l2PWJ6pXizHphBorMN7B0d2YjmxZJf1s+bitvLALt7wBid5qbGpHqGGKE/yRdNlCKwl9FbXG1x5wUFZfQwHQ=="
    },
    "@leancloud/adapter-utils": {
      "version": "1.2.0",
      "resolved": "http://mirrors.cloud.tencent.com/npm/@leancloud%2fadapter-utils/-/adapter-utils-1.2.0.tgz",
      "integrity": "sha512-+sjM8N6TNqlBKnlYjGqsb3wJ3kZDN2PiXnfE+DYsk/3DdeLesyn9gldr3yXtOYgQMgIsV+t7idvRcA7K33pSRA==",
      "requires": {
        "@leancloud/adapter-types": "^4.0.0",
        "event-target-shim": "^5.0.1"
      },
      "dependencies": {
        "@leancloud/adapter-types": {
          "version": "4.0.0",
          "resolved": "http://mirrors.cloud.tencent.com/npm/@leancloud%2fadapter-types/-/adapter-types-4.0.0.tgz",
          "integrity": "sha512-Wqc9CtCmsvxH/IaPMpTu6rCOW1QId/TOZlza0jVwoqjpLS8d3ML4ehNZHQQE5SjEJi0PaxGkI6DNeB1/y6o6Qw=="
        }
      }
    },
    "@leancloud/adapters-superagent": {
      "version": "1.3.0",
      "resolved": "http://mirrors.cloud.tencent.com/npm/@leancloud%2fadapters-superagent/-/adapters-superagent-1.3.0.tgz",
      "integrity": "sha512-778mAgKle6cxtSbmk6JCXVslPIvfN6XDRVxiDrWjpMopDhN9FqX5vH/X0+fl+mp9NcFwRH18cuXBzf8Ps70c/w==",
      "requires": {
        "@leancloud/adapter-types": "^4.0.0",
        "@leancloud/adapter-utils": "^1.2.0",
        "@types/superagent": "^4.1.7",
        "superagent": "^5.2.2"
      },
      "dependencies": {
        "@leancloud/adapter-types": {
          "version": "4.0.0",
          "resolved": "http://mirrors.cloud.tencent.com/npm/@leancloud%2fadapter-types/-/adapter-types-4.0.0.tgz",
          "integrity": "sha512-Wqc9CtCmsvxH/IaPMpTu6rCOW1QId/TOZlza0jVwoqjpLS8d3ML4ehNZHQQE5SjEJi0PaxGkI6DNeB1/y6o6Qw=="
        }
      }
    },
    "@leancloud/platform-adapters-browser": {
      "version": "1.4.0",
      "resolved": "http://mirrors.cloud.tencent.com/npm/@leancloud%2fplatform-adapters-browser/-/platform-adapters-browser-1.4.0.tgz",
      "integrity": "sha512-6FB6osZuL9WkeMgYIOYiQGHU/Vs6k1COA1BhzM+nCl0LI9RMXZ4GTCkpGIvTAb6HJxIeWNB/i2ryHbCMejufxg==",
      "requires": {
        "@leancloud/adapter-types": "^4.0.0",
        "@leancloud/adapters-superagent": "^1.3.0"
      },
      "dependencies": {
        "@leancloud/adapter-types": {
          "version": "4.0.0",
          "resolved": "http://mirrors.cloud.tencent.com/npm/@leancloud%2fadapter-types/-/adapter-types-4.0.0.tgz",
          "integrity": "sha512-Wqc9CtCmsvxH/IaPMpTu6rCOW1QId/TOZlza0jVwoqjpLS8d3ML4ehNZHQQE5SjEJi0PaxGkI6DNeB1/y6o6Qw=="
        }
      }
    },
    "@leancloud/platform-adapters-node": {
      "version": "1.4.0",
      "resolved": "http://mirrors.cloud.tencent.com/npm/@leancloud%2fplatform-adapters-node/-/platform-adapters-node-1.4.0.tgz",
      "integrity": "sha512-8uLkPqFnHAcr08O2WLDfrIr+BrgYGvHpvmZYpvKfjg1Gp/jDavXxVmHcjqX5Si9WT+c19D9xn4jDF/BamabAwQ==",
      "requires": {
        "@leancloud/adapter-types": "^4.0.0",
        "@leancloud/adapters-superagent": "^1.3.0",
        "@types/ws": "^7.2.2",
        "localstorage-memory": "^1.0.2",
        "ws": "^5.2.2"
      },
      "dependencies": {
        "@leancloud/adapter-types": {
          "version": "4.0.0",
          "resolved": "http://mirrors.cloud.tencent.com/npm/@leancloud%2fadapter-types/-/adapter-types-4.0.0.tgz",
          "integrity": "sha512-Wqc9CtCmsvxH/IaPMpTu6rCOW1QId/TOZlza0jVwoqjpLS8d3ML4ehNZHQQE5SjEJi0PaxGkI6DNeB1/y6o6Qw=="
        }
      }
    },
    "@leancloud/platform-adapters-weapp": {
      "version": "1.5.0",
      "resolved": "http://mirrors.cloud.tencent.com/npm/@leancloud%2fplatform-adapters-weapp/-/platform-adapters-weapp-1.5.0.tgz",
      "integrity": "sha512-aUCbKIPfXGjmzm4VKMv+EObhn8xLb6xROHA7lLx+dZ8EcvnHnkotm/54Fh5ORU+QrhB0kHFLer2w6tLxloEBJw==",
      "requires": {
        "@leancloud/adapter-types": "^4.0.0",
        "@leancloud/adapter-utils": "^1.2.0",
        "event-target-shim": "^5.0.1",
        "miniprogram-api-typings": "^2.10.2"
      },
      "dependencies": {
        "@leancloud/adapter-types": {
          "version": "4.0.0",
          "resolved": "http://mirrors.cloud.tencent.com/npm/@leancloud%2fadapter-types/-/adapter-types-4.0.0.tgz",
          "integrity": "sha512-Wqc9CtCmsvxH/IaPMpTu6rCOW1QId/TOZlza0jVwoqjpLS8d3ML4ehNZHQQE5SjEJi0PaxGkI6DNeB1/y6o6Qw=="
        }
      }
    },
    "@types/cookiejar": {
      "version": "2.1.2",
      "resolved": "http://mirrors.cloud.tencent.com/npm/@types%2fcookiejar/-/cookiejar-2.1.2.tgz",
      "integrity": "sha512-t73xJJrvdTjXrn4jLS9VSGRbz0nUY3cl2DMGDU48lKl+HR9dbbjW2A9r3g40VA++mQpy6uuHg33gy7du2BKpog=="
    },
    "@types/node": {
      "version": "14.14.9",
      "resolved": "http://mirrors.cloud.tencent.com/npm/@types%2fnode/-/node-14.14.9.tgz",
      "integrity": "sha512-JsoLXFppG62tWTklIoO4knA+oDTYsmqWxHRvd4lpmfQRNhX6osheUOWETP2jMoV/2bEHuMra8Pp3Dmo/stBFcw=="
    },
    "@types/superagent": {
      "version": "4.1.10",
      "resolved": "http://mirrors.cloud.tencent.com/npm/@types%2fsuperagent/-/superagent-4.1.10.tgz",
      "integrity": "sha512-xAgkb2CMWUMCyVc/3+7iQfOEBE75NvuZeezvmixbUw3nmENf2tCnQkW5yQLTYqvXUQ+R6EXxdqKKbal2zM5V/g==",
      "requires": {
        "@types/cookiejar": "*",
        "@types/node": "*"
      }
    },
    "@types/ws": {
      "version": "7.4.0",
      "resolved": "http://mirrors.cloud.tencent.com/npm/@types%2fws/-/ws-7.4.0.tgz",
      "integrity": "sha512-Y29uQ3Uy+58bZrFLhX36hcI3Np37nqWE7ky5tjiDoy1GDZnIwVxS0CgF+s+1bXMzjKBFy+fqaRfb708iNzdinw==",
      "requires": {
        "@types/node": "*"
      }
    },
    "ansi-regex": {
      "version": "2.1.1",
      "resolved": "http://mirrors.cloud.tencent.com/npm/ansi-regex/-/ansi-regex-2.1.1.tgz",
      "integrity": "sha1-w7M6te42DYbg5ijwRorn7yfWVN8="
    },
    "ascli": {
      "version": "1.0.1",
      "resolved": "http://mirrors.cloud.tencent.com/npm/ascli/-/ascli-1.0.1.tgz",
      "integrity": "sha1-vPpZdKYvGOgcq660lzKrSoj5Brw=",
      "requires": {
        "colour": "~0.7.1",
        "optjs": "~3.2.2"
      }
    },
    "async-limiter": {
      "version": "1.0.1",
      "resolved": "http://mirrors.cloud.tencent.com/npm/async-limiter/-/async-limiter-1.0.1.tgz",
      "integrity": "sha512-csOlWGAcRFJaI6m+F2WKdnMKr4HhdhFVBk0H/QbJFMCr+uO2kwohwXQPxw/9OCxp05r5ghVBFSyioixx3gfkNQ=="
    },
    "asynckit": {
      "version": "0.4.0",
      "resolved": "http://mirrors.cloud.tencent.com/npm/asynckit/-/asynckit-0.4.0.tgz",
      "integrity": "sha1-x57Zf380y48robyXkLzDZkdLS3k="
    },
    "babel-runtime": {
      "version": "6.26.0",
      "resolved": "http://mirrors.cloud.tencent.com/npm/babel-runtime/-/babel-runtime-6.26.0.tgz",
      "integrity": "sha1-llxwWGaOgrVde/4E/yM3vItWR/4=",
      "requires": {
        "core-js": "^2.4.0",
        "regenerator-runtime": "^0.11.0"
      }
    },
    "balanced-match": {
      "version": "1.0.0",
      "resolved": "http://mirrors.cloud.tencent.com/npm/balanced-match/-/balanced-match-1.0.0.tgz",
      "integrity": "sha1-ibTRmasr7kneFk6gK4nORi1xt2c="
    },
    "base64-arraybuffer": {
      "version": "0.1.5",
      "resolved": "http://mirrors.cloud.tencent.com/npm/base64-arraybuffer/-/base64-arraybuffer-0.1.5.tgz",
      "integrity": "sha1-c5JncZI7Whl0etZmqlzUv5xunOg="
    },
    "brace-expansion": {
      "version": "1.1.11",
      "resolved": "http://mirrors.cloud.tencent.com/npm/brace-expansion/-/brace-expansion-1.1.11.tgz",
      "integrity": "sha512-iCuPHDFgrHX7H2vEI/5xpz07zSHB00TpugqhmYtVmMO6518mCuRMoOYFldEBl0g187ufozdaHgWKcYFb61qGiA==",
      "requires": {
        "balanced-match": "^1.0.0",
        "concat-map": "0.0.1"
      }
    },
    "bytebuffer": {
      "version": "5.0.1",
      "resolved": "http://mirrors.cloud.tencent.com/npm/bytebuffer/-/bytebuffer-5.0.1.tgz",
      "integrity": "sha1-WC7qSxqHO20CCkjVjfhfC7ps/d0=",
      "requires": {
        "long": "~3"
      }
    },
    "camelcase": {
      "version": "2.1.1",
      "resolved": "http://mirrors.cloud.tencent.com/npm/camelcase/-/camelcase-2.1.1.tgz",
      "integrity": "sha1-fB0W1nmhu+WcoCys7PsBHiAfWh8="
    },
    "charenc": {
      "version": "0.0.2",
      "resolved": "http://mirrors.cloud.tencent.com/npm/charenc/-/charenc-0.0.2.tgz",
      "integrity": "sha1-wKHS86cJLgN3S/qD8UwPxXkKhmc="
    },
    "cliui": {
      "version": "3.2.0",
      "resolved": "http://mirrors.cloud.tencent.com/npm/cliui/-/cliui-3.2.0.tgz",
      "integrity": "sha1-EgYBU3qRbSmUD5NNo7SNWFo5IT0=",
      "requires": {
        "string-width": "^1.0.1",
        "strip-ansi": "^3.0.1",
        "wrap-ansi": "^2.0.0"
      }
    },
    "code-point-at": {
      "version": "1.1.0",
      "resolved": "http://mirrors.cloud.tencent.com/npm/code-point-at/-/code-point-at-1.1.0.tgz",
      "integrity": "sha1-DQcLTQQ6W+ozovGkDi7bPZpMz3c="
    },
    "colour": {
      "version": "0.7.1",
      "resolved": "http://mirrors.cloud.tencent.com/npm/colour/-/colour-0.7.1.tgz",
      "integrity": "sha1-nLFpkX7F0SwHNtPoaFdG3xyt93g="
    },
    "combined-stream": {
      "version": "1.0.8",
      "resolved": "http://mirrors.cloud.tencent.com/npm/combined-stream/-/combined-stream-1.0.8.tgz",
      "integrity": "sha512-FQN4MRfuJeHf7cBbBMJFXhKSDq+2kAArBlmRBvcvFE5BB1HZKXtSFASDhdlz9zOYwxh8lDdnvmMOe/+5cdoEdg==",
      "requires": {
        "delayed-stream": "~1.0.0"
      }
    },
    "component-emitter": {
      "version": "1.3.0",
      "resolved": "http://mirrors.cloud.tencent.com/npm/component-emitter/-/component-emitter-1.3.0.tgz",
      "integrity": "sha512-Rd3se6QB+sO1TwqZjscQrurpEPIfO0/yYnSin6Q/rD3mOutHvUrCAhJub3r90uNb+SESBuE0QYoB90YdfatsRg=="
    },
    "concat-map": {
      "version": "0.0.1",
      "resolved": "http://mirrors.cloud.tencent.com/npm/concat-map/-/concat-map-0.0.1.tgz",
      "integrity": "sha1-2Klr13/Wjfd5OnMDajug1UBdR3s="
    },
    "cookiejar": {
      "version": "2.1.2",
      "resolved": "http://mirrors.cloud.tencent.com/npm/cookiejar/-/cookiejar-2.1.2.tgz",
      "integrity": "sha512-Mw+adcfzPxcPeI+0WlvRrr/3lGVO0bD75SxX6811cxSh1Wbxx7xZBGK1eVtDf6si8rg2lhnUjsVLMFMfbRIuwA=="
    },
    "core-js": {
      "version": "2.6.11",
      "resolved": "http://mirrors.cloud.tencent.com/npm/core-js/-/core-js-2.6.11.tgz",
      "integrity": "sha512-5wjnpaT/3dV+XB4borEsnAYQchn00XSgTAWKDkEqv+K8KevjbzmofK6hfJ9TZIlpj2N0xQpazy7PiRQiWHqzWg=="
    },
    "crypt": {
      "version": "0.0.2",
      "resolved": "http://mirrors.cloud.tencent.com/npm/crypt/-/crypt-0.0.2.tgz",
      "integrity": "sha1-iNf/fsDfuG9xPch7u0LQRNPmxBs="
    },
    "debug": {
      "version": "3.2.7",
      "resolved": "http://mirrors.cloud.tencent.com/npm/debug/-/debug-3.2.7.tgz",
      "integrity": "sha512-CFjzYYAi4ThfiQvizrFQevTTXHtnCqWfe7x1AhgEscTz6ZbLbfoLRLPugTQyBth6f8ZERVUSyWHFD/7Wu4t1XQ==",
      "requires": {
        "ms": "^2.1.1"
      }
    },
    "decamelize": {
      "version": "1.2.0",
      "resolved": "http://mirrors.cloud.tencent.com/npm/decamelize/-/decamelize-1.2.0.tgz",
      "integrity": "sha1-9lNNFRSCabIDUue+4m9QH5oZEpA="
    },
    "delayed-stream": {
      "version": "1.0.0",
      "resolved": "http://mirrors.cloud.tencent.com/npm/delayed-stream/-/delayed-stream-1.0.0.tgz",
      "integrity": "sha1-3zrhmayt+31ECqrgsp4icrJOxhk="
    },
    "event-target-shim": {
      "version": "5.0.1",
      "resolved": "http://mirrors.cloud.tencent.com/npm/event-target-shim/-/event-target-shim-5.0.1.tgz",
      "integrity": "sha512-i/2XbnSz/uxRCU6+NdVJgKWDTM427+MqYbkQzD321DuCQJUqOuJKIA0IM2+W2xtYHdKOmZ4dR6fExsd4SXL+WQ=="
    },
    "eventemitter3": {
      "version": "2.0.3",
      "resolved": "http://mirrors.cloud.tencent.com/npm/eventemitter3/-/eventemitter3-2.0.3.tgz",
      "integrity": "sha1-teEHm1n7XhuidxwKmTvgYKWMmbo="
    },
    "fast-safe-stringify": {
      "version": "2.0.7",
      "resolved": "http://mirrors.cloud.tencent.com/npm/fast-safe-stringify/-/fast-safe-stringify-2.0.7.tgz",
      "integrity": "sha512-Utm6CdzT+6xsDk2m8S6uL8VHxNwI6Jub+e9NYTcAms28T84pTa25GJQV9j0CY0N1rM8hK4x6grpF2BQf+2qwVA=="
    },
    "form-data": {
      "version": "3.0.0",
      "resolved": "http://mirrors.cloud.tencent.com/npm/form-data/-/form-data-3.0.0.tgz",
      "integrity": "sha512-CKMFDglpbMi6PyN+brwB9Q/GOw0eAnsrEZDgcsH5Krhz5Od/haKHAX0NmQfha2zPPz0JpWzA7GJHGSnvCRLWsg==",
      "requires": {
        "asynckit": "^0.4.0",
        "combined-stream": "^1.0.8",
        "mime-types": "^2.1.12"
      }
    },
    "formidable": {
      "version": "1.2.2",
      "resolved": "http://mirrors.cloud.tencent.com/npm/formidable/-/formidable-1.2.2.tgz",
      "integrity": "sha512-V8gLm+41I/8kguQ4/o1D3RIHRmhYFG4pnNyonvua+40rqcEmT4+V71yaZ3B457xbbgCsCfjSPi65u/W6vK1U5Q=="
    },
    "fs.realpath": {
      "version": "1.0.0",
      "resolved": "http://mirrors.cloud.tencent.com/npm/fs.realpath/-/fs.realpath-1.0.0.tgz",
      "integrity": "sha1-FQStJSMVjKpA20onh8sBQRmU6k8="
    },
    "glob": {
      "version": "7.1.6",
      "resolved": "http://mirrors.cloud.tencent.com/npm/glob/-/glob-7.1.6.tgz",
      "integrity": "sha512-LwaxwyZ72Lk7vZINtNNrywX0ZuLyStrdDtabefZKAY5ZGJhVtgdznluResxNmPitE0SAO+O26sWTHeKSI2wMBA==",
      "requires": {
        "fs.realpath": "^1.0.0",
        "inflight": "^1.0.4",
        "inherits": "2",
        "minimatch": "^3.0.4",
        "once": "^1.3.0",
        "path-is-absolute": "^1.0.0"
      }
    },
    "inflight": {
      "version": "1.0.6",
      "resolved": "http://mirrors.cloud.tencent.com/npm/inflight/-/inflight-1.0.6.tgz",
      "integrity": "sha1-Sb1jMdfQLQwJvJEKEHW6gWW1bfk=",
      "requires": {
        "once": "^1.3.0",
        "wrappy": "1"
      }
    },
    "inherits": {
      "version": "2.0.4",
      "resolved": "http://mirrors.cloud.tencent.com/npm/inherits/-/inherits-2.0.4.tgz",
      "integrity": "sha512-k/vGaX4/Yla3WzyMCvTQOXYeIHvqOKtnqBduzTHpzpQZzAskKMhZ2K+EnBiSM9zGSoIFeMpXKxa4dYeZIQqewQ=="
    },
    "invert-kv": {
      "version": "1.0.0",
      "resolved": "http://mirrors.cloud.tencent.com/npm/invert-kv/-/invert-kv-1.0.0.tgz",
      "integrity": "sha1-EEqOSqym09jNFXqO+L+rLXo//bY="
    },
    "is-buffer": {
      "version": "1.1.6",
      "resolved": "http://mirrors.cloud.tencent.com/npm/is-buffer/-/is-buffer-1.1.6.tgz",
      "integrity": "sha512-NcdALwpXkTm5Zvvbk7owOUSvVvBKDgKP5/ewfXEznmQFfs4ZRmanOeKBTjRVjka3QFoN6XJ+9F3USqfHqTaU5w=="
    },
    "is-fullwidth-code-point": {
      "version": "1.0.0",
      "resolved": "http://mirrors.cloud.tencent.com/npm/is-fullwidth-code-point/-/is-fullwidth-code-point-1.0.0.tgz",
      "integrity": "sha1-754xOG8DGn8NZDr4L95QxFfvAMs=",
      "requires": {
        "number-is-nan": "^1.0.0"
      }
    },
    "javascript-state-machine": {
      "version": "2.4.0",
      "resolved": "http://mirrors.cloud.tencent.com/npm/javascript-state-machine/-/javascript-state-machine-2.4.0.tgz",
      "integrity": "sha1-2L4x7DjySsGhgy8LZy/DzV95yW4="
    },
    "lcid": {
      "version": "1.0.0",
      "resolved": "http://mirrors.cloud.tencent.com/npm/lcid/-/lcid-1.0.0.tgz",
      "integrity": "sha1-MIrMr6C8SDo4Z7S28rlQYlHRuDU=",
      "requires": {
        "invert-kv": "^1.0.0"
      }
    },
    "leancloud-realtime": {
      "version": "5.0.0-rc.3",
      "resolved": "http://mirrors.cloud.tencent.com/npm/leancloud-realtime/-/leancloud-realtime-5.0.0-rc.3.tgz",
      "integrity": "sha512-LGhxz2LY8/G7+dK4SQydaKdlBOcnaNi4r7Cl2otxOV6IyWPDRNiwSTjhAZLV7wHSDep6clrZVoZZGA0YuV24Lg==",
      "requires": {
        "@babel/runtime": "^7.10.2",
        "@babel/runtime-corejs2": "^7.10.2",
        "@leancloud/adapter-types": "^3.0.0",
        "@leancloud/platform-adapters-browser": "^1.1.0",
        "@leancloud/platform-adapters-node": "^1.1.0",
        "@leancloud/platform-adapters-weapp": "^1.2.0",
        "base64-arraybuffer": "^0.1.5",
        "debug": "^3.1.0",
        "eventemitter3": "^3.0.0",
        "javascript-state-machine": "^2.3.5",
        "lodash": "^4.17.10",
        "promise-timeout": "^1.3.0",
        "protobufjs": "^5.0.1",
        "uuid": "^3.0.0"
      },
      "dependencies": {
        "eventemitter3": {
          "version": "3.1.2",
          "resolved": "http://mirrors.cloud.tencent.com/npm/eventemitter3/-/eventemitter3-3.1.2.tgz",
          "integrity": "sha512-tvtQIeLVHjDkJYnzf2dgVMxfuSGJeM/7UCG17TT4EumTfNtF+0nebF/4zWOIkCreAbtNqhGEboB6BWrwqNaw4Q=="
        }
      }
    },
    "leancloud-realtime-plugin-live-query": {
      "version": "1.2.0",
      "resolved": "http://mirrors.cloud.tencent.com/npm/leancloud-realtime-plugin-live-query/-/leancloud-realtime-plugin-live-query-1.2.0.tgz",
      "integrity": "sha512-eJooIH8/FyUoozr3Eeby2DpDnmX39m1bfxfxlYPuojkio+i/DLwPD+aTHnRDH6QXJcT6tNTt85RcxVR/Txg98Q=="
    },
    "leancloud-storage": {
      "version": "4.8.0",
      "resolved": "http://mirrors.cloud.tencent.com/npm/leancloud-storage/-/leancloud-storage-4.8.0.tgz",
      "integrity": "sha512-Ubcnqq84e/PvZSdoaCYzdwF5Cz/94eC1m4F730iQoIA2mC3kEiB1fTVbUKFo4Q8JWJkZHqFVkWhwxMGhFplRzA==",
      "requires": {
        "@leancloud/adapter-types": "^3.0.0",
        "@leancloud/platform-adapters-browser": "^1.1.0",
        "@leancloud/platform-adapters-node": "^1.1.0",
        "@leancloud/platform-adapters-weapp": "^1.2.0",
        "babel-runtime": "^6.26.0",
        "debug": "^3.1.0",
        "eventemitter3": "^2.0.3",
        "leancloud-realtime": "^5.0.0-rc.2",
        "leancloud-realtime-plugin-live-query": "^1.2.0",
        "md5": "^2.0.0",
        "promise-timeout": "^1.3.0",
        "underscore": "^1.8.3",
        "uuid": "^3.3.2"
      }
    },
    "localstorage-memory": {
      "version": "1.0.3",
      "resolved": "http://mirrors.cloud.tencent.com/npm/localstorage-memory/-/localstorage-memory-1.0.3.tgz",
      "integrity": "sha512-t9P8WB6DcVttbw/W4PIE8HOqum8Qlvx5SjR6oInwR9Uia0EEmyUeBh7S+weKByW+l/f45Bj4L/dgZikGFDM6ng=="
    },
    "lodash": {
      "version": "4.17.20",
      "resolved": "http://mirrors.cloud.tencent.com/npm/lodash/-/lodash-4.17.20.tgz",
      "integrity": "sha512-PlhdFcillOINfeV7Ni6oF1TAEayyZBoZ8bcshTHqOYJYlrqzRK5hagpagky5o4HfCzzd1TRkXPMFq6cKk9rGmA=="
    },
    "long": {
      "version": "3.2.0",
      "resolved": "http://mirrors.cloud.tencent.com/npm/long/-/long-3.2.0.tgz",
      "integrity": "sha1-2CG3E4yhy1gcFymQ7xTbIAtcR0s="
    },
    "md5": {
      "version": "2.3.0",
      "resolved": "http://mirrors.cloud.tencent.com/npm/md5/-/md5-2.3.0.tgz",
      "integrity": "sha512-T1GITYmFaKuO91vxyoQMFETst+O71VUPEU3ze5GNzDm0OWdP8v1ziTaAEPUr/3kLsY3Sftgz242A1SetQiDL7g==",
      "requires": {
        "charenc": "0.0.2",
        "crypt": "0.0.2",
        "is-buffer": "~1.1.6"
      }
    },
    "methods": {
      "version": "1.1.2",
      "resolved": "http://mirrors.cloud.tencent.com/npm/methods/-/methods-1.1.2.tgz",
      "integrity": "sha1-VSmk1nZUE07cxSZmVoNbD4Ua/O4="
    },
    "mime": {
      "version": "2.4.6",
      "resolved": "http://mirrors.cloud.tencent.com/npm/mime/-/mime-2.4.6.tgz",
      "integrity": "sha512-RZKhC3EmpBchfTGBVb8fb+RL2cWyw/32lshnsETttkBAyAUXSGHxbEJWWRXc751DrIxG1q04b8QwMbAwkRPpUA=="
    },
    "mime-db": {
      "version": "1.44.0",
      "resolved": "http://mirrors.cloud.tencent.com/npm/mime-db/-/mime-db-1.44.0.tgz",
      "integrity": "sha512-/NOTfLrsPBVeH7YtFPgsVWveuL+4SjjYxaQ1xtM1KMFj7HdxlBlxeyNLzhyJVx7r4rZGJAZ/6lkKCitSc/Nmpg=="
    },
    "mime-types": {
      "version": "2.1.27",
      "resolved": "http://mirrors.cloud.tencent.com/npm/mime-types/-/mime-types-2.1.27.tgz",
      "integrity": "sha512-JIhqnCasI9yD+SsmkquHBxTSEuZdQX5BuQnS2Vc7puQQQ+8yiP5AY5uWhpdv4YL4VM5c6iliiYWPgJ/nJQLp7w==",
      "requires": {
        "mime-db": "1.44.0"
      }
    },
    "minimatch": {
      "version": "3.0.4",
      "resolved": "http://mirrors.cloud.tencent.com/npm/minimatch/-/minimatch-3.0.4.tgz",
      "integrity": "sha512-yJHVQEhyqPLUTgt9B83PXu6W3rx4MvvHvSUvToogpwoGDOUQ+yDrR0HRot+yOCdCO7u4hX3pWft6kWBBcqh0UA==",
      "requires": {
        "brace-expansion": "^1.1.7"
      }
    },
    "miniprogram-api-typings": {
      "version": "2.12.0",
      "resolved": "http://mirrors.cloud.tencent.com/npm/miniprogram-api-typings/-/miniprogram-api-typings-2.12.0.tgz",
      "integrity": "sha512-ibvbqeslVFur0IAvTxLMvsbtvVcMo6gwvOnj0YZHV7aeDLu091VQRrETT2QuiG9P6aZWRcxeNGJChRKVPCp9VQ=="
    },
    "ms": {
      "version": "2.1.2",
      "resolved": "http://mirrors.cloud.tencent.com/npm/ms/-/ms-2.1.2.tgz",
      "integrity": "sha512-sGkPx+VjMtmA6MX27oA4FBFELFCZZ4S4XqeGOXCv68tT+jb3vk/RyaKWP0PTKyWtmLSM0b+adUTEvbs1PEaH2w=="
    },
    "number-is-nan": {
      "version": "1.0.1",
      "resolved": "http://mirrors.cloud.tencent.com/npm/number-is-nan/-/number-is-nan-1.0.1.tgz",
      "integrity": "sha1-CXtgK1NCKlIsGvuHkDGDNpQaAR0="
    },
    "once": {
      "version": "1.4.0",
      "resolved": "http://mirrors.cloud.tencent.com/npm/once/-/once-1.4.0.tgz",
      "integrity": "sha1-WDsap3WWHUsROsF9nFC6753Xa9E=",
      "requires": {
        "wrappy": "1"
      }
    },
    "optjs": {
      "version": "3.2.2",
      "resolved": "http://mirrors.cloud.tencent.com/npm/optjs/-/optjs-3.2.2.tgz",
      "integrity": "sha1-aabOicRCpEQDFBrS+bNwvVu29O4="
    },
    "os-locale": {
      "version": "1.4.0",
      "resolved": "http://mirrors.cloud.tencent.com/npm/os-locale/-/os-locale-1.4.0.tgz",
      "integrity": "sha1-IPnxeuKe00XoveWDsT0gCYA8FNk=",
      "requires": {
        "lcid": "^1.0.0"
      }
    },
    "path-is-absolute": {
      "version": "1.0.1",
      "resolved": "http://mirrors.cloud.tencent.com/npm/path-is-absolute/-/path-is-absolute-1.0.1.tgz",
      "integrity": "sha1-F0uSaHNVNP+8es5r9TpanhtcX18="
    },
    "promise-timeout": {
      "version": "1.3.0",
      "resolved": "http://mirrors.cloud.tencent.com/npm/promise-timeout/-/promise-timeout-1.3.0.tgz",
      "integrity": "sha512-5yANTE0tmi5++POym6OgtFmwfDvOXABD9oj/jLQr5GPEyuNEb7jH4wbbANJceJid49jwhi1RddxnhnEAb/doqg=="
    },
    "protobufjs": {
      "version": "5.0.3",
      "resolved": "http://mirrors.cloud.tencent.com/npm/protobufjs/-/protobufjs-5.0.3.tgz",
      "integrity": "sha512-55Kcx1MhPZX0zTbVosMQEO5R6/rikNXd9b6RQK4KSPcrSIIwoXTtebIczUrXlwaSrbz4x8XUVThGPob1n8I4QA==",
      "requires": {
        "ascli": "~1",
        "bytebuffer": "~5",
        "glob": "^7.0.5",
        "yargs": "^3.10.0"
      }
    },
    "qs": {
      "version": "6.9.4",
      "resolved": "http://mirrors.cloud.tencent.com/npm/qs/-/qs-6.9.4.tgz",
      "integrity": "sha512-A1kFqHekCTM7cz0udomYUoYNWjBebHm/5wzU/XqrBRBNWectVH0QIiN+NEcZ0Dte5hvzHwbr8+XQmguPhJ6WdQ=="
    },
    "readable-stream": {
      "version": "3.6.0",
      "resolved": "http://mirrors.cloud.tencent.com/npm/readable-stream/-/readable-stream-3.6.0.tgz",
      "integrity": "sha512-BViHy7LKeTz4oNnkcLJ+lVSL6vpiFeX6/d3oSH8zCW7UxP2onchk+vTGB143xuFjHS3deTgkKoXXymXqymiIdA==",
      "requires": {
        "inherits": "^2.0.3",
        "string_decoder": "^1.1.1",
        "util-deprecate": "^1.0.1"
      }
    },
    "regenerator-runtime": {
      "version": "0.11.1",
      "resolved": "http://mirrors.cloud.tencent.com/npm/regenerator-runtime/-/regenerator-runtime-0.11.1.tgz",
      "integrity": "sha512-MguG95oij0fC3QV3URf4V2SDYGJhJnJGqvIIgdECeODCT98wSWDAJ94SSuVpYQUoTcGUIL6L4yNB7j1DFFHSBg=="
    },
    "safe-buffer": {
      "version": "5.2.1",
      "resolved": "http://mirrors.cloud.tencent.com/npm/safe-buffer/-/safe-buffer-5.2.1.tgz",
      "integrity": "sha512-rp3So07KcdmmKbGvgaNxQSJr7bGVSVk5S9Eq1F+ppbRo70+YeaDxkw5Dd8NPN+GD6bjnYm2VuPuCXmpuYvmCXQ=="
    },
    "semver": {
      "version": "7.3.2",
      "resolved": "http://mirrors.cloud.tencent.com/npm/semver/-/semver-7.3.2.tgz",
      "integrity": "sha512-OrOb32TeeambH6UrhtShmF7CRDqhL6/5XpPNp2DuRH6+9QLw/orhp72j87v8Qa1ScDkvrrBNpZcDejAirJmfXQ=="
    },
    "solarlunar": {
      "version": "2.0.7",
      "resolved": "https://registry.npm.taobao.org/solarlunar/download/solarlunar-2.0.7.tgz",
      "integrity": "sha1-syPhVgKPpf/LRNKLZO96LjkMz/k="
    },
    "string-width": {
      "version": "1.0.2",
      "resolved": "http://mirrors.cloud.tencent.com/npm/string-width/-/string-width-1.0.2.tgz",
      "integrity": "sha1-EYvfW4zcUaKn5w0hHgfisLmxB9M=",
      "requires": {
        "code-point-at": "^1.0.0",
        "is-fullwidth-code-point": "^1.0.0",
        "strip-ansi": "^3.0.0"
      }
    },
    "string_decoder": {
      "version": "1.3.0",
      "resolved": "http://mirrors.cloud.tencent.com/npm/string_decoder/-/string_decoder-1.3.0.tgz",
      "integrity": "sha512-hkRX8U1WjJFd8LsDJ2yQ/wWWxaopEsABU1XfkM8A+j0+85JAGppt16cr1Whg6KIbb4okU6Mql6BOj+uup/wKeA==",
      "requires": {
        "safe-buffer": "~5.2.0"
      }
    },
    "strip-ansi": {
      "version": "3.0.1",
      "resolved": "http://mirrors.cloud.tencent.com/npm/strip-ansi/-/strip-ansi-3.0.1.tgz",
      "integrity": "sha1-ajhfuIU9lS1f8F0Oiq+UJ43GPc8=",
      "requires": {
        "ansi-regex": "^2.0.0"
      }
    },
    "superagent": {
      "version": "5.3.1",
      "resolved": "http://mirrors.cloud.tencent.com/npm/superagent/-/superagent-5.3.1.tgz",
      "integrity": "sha512-wjJ/MoTid2/RuGCOFtlacyGNxN9QLMgcpYLDQlWFIhhdJ93kNscFonGvrpAHSCVjRVj++DGCglocF7Aej1KHvQ==",
      "requires": {
        "component-emitter": "^1.3.0",
        "cookiejar": "^2.1.2",
        "debug": "^4.1.1",
        "fast-safe-stringify": "^2.0.7",
        "form-data": "^3.0.0",
        "formidable": "^1.2.2",
        "methods": "^1.1.2",
        "mime": "^2.4.6",
        "qs": "^6.9.4",
        "readable-stream": "^3.6.0",
        "semver": "^7.3.2"
      },
      "dependencies": {
        "debug": {
          "version": "4.3.1",
          "resolved": "http://mirrors.cloud.tencent.com/npm/debug/-/debug-4.3.1.tgz",
          "integrity": "sha512-doEwdvm4PCeK4K3RQN2ZC2BYUBaxwLARCqZmMjtF8a51J2Rb0xpVloFRnCODwqjpwnAoao4pelN8l3RJdv3gRQ==",
          "requires": {
            "ms": "2.1.2"
          }
        }
      }
    },
    "underscore": {
      "version": "1.11.0",
      "resolved": "http://mirrors.cloud.tencent.com/npm/underscore/-/underscore-1.11.0.tgz",
      "integrity": "sha512-xY96SsN3NA461qIRKZ/+qox37YXPtSBswMGfiNptr+wrt6ds4HaMw23TP612fEyGekRE6LNRiLYr/aqbHXNedw=="
    },
    "util-deprecate": {
      "version": "1.0.2",
      "resolved": "http://mirrors.cloud.tencent.com/npm/util-deprecate/-/util-deprecate-1.0.2.tgz",
      "integrity": "sha1-RQ1Nyfpw3nMnYvvS1KKJgUGaDM8="
    },
    "uuid": {
      "version": "3.4.0",
      "resolved": "http://mirrors.cloud.tencent.com/npm/uuid/-/uuid-3.4.0.tgz",
      "integrity": "sha512-HjSDRw6gZE5JMggctHBcjVak08+KEVhSIiDzFnT9S9aegmp85S/bReBVTb4QTFaRNptJ9kuYaNhnbNEOkbKb/A=="
    },
    "window-size": {
      "version": "0.1.4",
      "resolved": "http://mirrors.cloud.tencent.com/npm/window-size/-/window-size-0.1.4.tgz",
      "integrity": "sha1-+OGqHuWlPsW/FR/6CXQqatdpeHY="
    },
    "wrap-ansi": {
      "version": "2.1.0",
      "resolved": "http://mirrors.cloud.tencent.com/npm/wrap-ansi/-/wrap-ansi-2.1.0.tgz",
      "integrity": "sha1-2Pw9KE3QV5T+hJc8rs3Rz4JP3YU=",
      "requires": {
        "string-width": "^1.0.1",
        "strip-ansi": "^3.0.1"
      }
    },
    "wrappy": {
      "version": "1.0.2",
      "resolved": "http://mirrors.cloud.tencent.com/npm/wrappy/-/wrappy-1.0.2.tgz",
      "integrity": "sha1-tSQ9jz7BqjXxNkYFvA0QNuMKtp8="
    },
    "ws": {
      "version": "5.2.2",
      "resolved": "http://mirrors.cloud.tencent.com/npm/ws/-/ws-5.2.2.tgz",
      "integrity": "sha512-jaHFD6PFv6UgoIVda6qZllptQsMlDEJkTQcybzzXDYM1XO9Y8em691FGMPmM46WGyLU4z9KMgQN+qrux/nhlHA==",
      "requires": {
        "async-limiter": "~1.0.0"
      }
    },
    "y18n": {
      "version": "3.2.1",
      "resolved": "http://mirrors.cloud.tencent.com/npm/y18n/-/y18n-3.2.1.tgz",
      "integrity": "sha1-bRX7qITAhnnA136I53WegR4H+kE="
    },
    "yargs": {
      "version": "3.32.0",
      "resolved": "http://mirrors.cloud.tencent.com/npm/yargs/-/yargs-3.32.0.tgz",
      "integrity": "sha1-AwiOnr+edWtpdRYR0qXvWRSCyZU=",
      "requires": {
        "camelcase": "^2.0.1",
        "cliui": "^3.0.3",
        "decamelize": "^1.1.1",
        "os-locale": "^1.4.0",
        "string-width": "^1.0.1",
        "window-size": "^0.1.4",
        "y18n": "^3.2.0"
      }
    }
  }
}
