{
  "name": "native-shopping-mall",
  "version": "1.0.0",
  "lockfileVersion": 1,
  "requires": true,
  "dependencies": {
    "wxml2canvas": {
      "version": "1.0.1",
      "resolved": "https://registry.npm.taobao.org/wxml2canvas/download/wxml2canvas-1.0.1.tgz",
      "integrity": "sha1-VIqml1k5ROwtDz8Xd0sGMy7I6Ng="
    }
  }
}
